
Microsoft Visual Studio Solution File, Format Version 12.00
# Visual Studio Version 17
VisualStudioVersion = 17.5.002.0
MinimumVisualStudioVersion = 10.0.40219.1
Project("{9A19103F-16F7-4668-BE54-9A1E7A4F7556}") = "LiteraryJourney-Backend", "LiteraryJourney-Backend.csproj", "{84791F04-4D19-431D-8D12-F3FD4BF8B9A5}"
EndProject
Global
	GlobalSection(SolutionConfigurationPlatforms) = preSolution
		Debug|Any CPU = Debug|Any CPU
		Release|Any CPU = Release|Any CPU
	EndGlobalSection
	GlobalSection(ProjectConfigurationPlatforms) = postSolution
		{84791F04-4D19-431D-8D12-F3FD4BF8B9A5}.Debug|Any CPU.ActiveCfg = Debug|Any CPU
		{84791F04-4D19-431D-8D12-F3FD4BF8B9A5}.Debug|Any CPU.Build.0 = Debug|Any CPU
		{84791F04-4D19-431D-8D12-F3FD4BF8B9A5}.Release|Any CPU.ActiveCfg = Release|Any CPU
		{84791F04-4D19-431D-8D12-F3FD4BF8B9A5}.Release|Any CPU.Build.0 = Release|Any CPU
	EndGlobalSection
	GlobalSection(SolutionProperties) = preSolution
		HideSolutionNode = FALSE
	EndGlobalSection
	GlobalSection(ExtensibilityGlobals) = postSolution
		SolutionGuid = {D2719180-5A14-493E-8D55-ED1CB3279621}
	EndGlobalSection
EndGlobal
